
Microsoft Visual Studio Solution File, Format Version 12.00
# Visual Studio Version 16
VisualStudioVersion = 16.0.30128.74
MinimumVisualStudioVersion = 15.0.26124.0
Project("{2150E333-8FDC-42A3-9474-1A3956D46DE8}") = "week-1", "week-1", "{E0F13C2D-0D73-4194-A5F2-39D41DB8D41B}"
EndProject
Project("{9A19103F-16F7-4668-BE54-9A1E7A4F7556}") = "Lesson_1_HelloWorld", "week-1\Lesson_01_HelloWorld\Lesson_1_HelloWorld.csproj", "{51A8831A-4218-40AC-82CC-DB8B8CDB2681}"
EndProject
Project("{9A19103F-16F7-4668-BE54-9A1E7A4F7556}") = "Lesson_2_InitializingVariables", "week-1\Lesson_02_InitializingVariables\Lesson_2_InitializingVariables.csproj", "{9B2C0CD3-E7D5-4F52-8A25-485431A5B3FC}"
EndProject
Project("{9A19103F-16F7-4668-BE54-9A1E7A4F7556}") = "Lesson_3_Scopes", "week-1\Lesson_03_Scopes\Lesson_3_Scopes.csproj", "{C87F0E4F-5F7D-4FC0-8E4D-10E6BF0203EC}"
EndProject
Project("{9A19103F-16F7-4668-BE54-9A1E7A4F7556}") = "Lesson_4_Constants", "week-1\Lesson_04_Constants\Lesson_4_Constants.csproj", "{22A0622D-998E-456A-8221-483F2845546C}"
EndProject
Project("{9A19103F-16F7-4668-BE54-9A1E7A4F7556}") = "Lesson_5_ValueTypes", "week-1\Lesson_05_ValueTypes\Lesson_5_ValueTypes.csproj", "{13BE4EAA-A10C-4607-8C91-355008555375}"
EndProject
Project("{9A19103F-16F7-4668-BE54-9A1E7A4F7556}") = "Lesson_6_ReferenceTypes", "week-1\Lesson_06_ReferenceTypes\Lesson_6_ReferenceTypes.csproj", "{B376D154-64A9-4910-8426-CC10E2C3C0CA}"
EndProject
Project("{9A19103F-16F7-4668-BE54-9A1E7A4F7556}") = "Lesson_7_Class", "week-1\Lesson_07_Class\Lesson_7_Class.csproj", "{AF597272-277F-4DC6-8794-C8B761FFD1EE}"
EndProject
Project("{9A19103F-16F7-4668-BE54-9A1E7A4F7556}") = "Lesson_8_Structures", "week-1\Lesson_08_Structures\Lesson_8_Structures.csproj", "{922673EB-E0DD-4BB0-9E4C-C864E872131C}"
EndProject
Project("{9A19103F-16F7-4668-BE54-9A1E7A4F7556}") = "Lesson_9_Enumerations", "week-1\Lesson_09_Enumerations\Lesson_9_Enumerations.csproj", "{6A1DCDF4-6F0D-4930-9576-EA4545E5AECE}"
EndProject
Project("{9A19103F-16F7-4668-BE54-9A1E7A4F7556}") = "Lesson_10_Interfaces", "week-1\Lesson_10_Interfaces\Lesson_10_Interfaces.csproj", "{86E3F92A-7FDE-4977-8CA5-2B5EA0FBA899}"
EndProject
Project("{9A19103F-16F7-4668-BE54-9A1E7A4F7556}") = "Lesson_11_Delegates", "week-1\Lesson_11_Delegates\Lesson_11_Delegates.csproj", "{9C8C56AB-A69D-4216-B2BB-AD07E230CEA1}"
EndProject
Project("{9A19103F-16F7-4668-BE54-9A1E7A4F7556}") = "Lesson_12_ClassesAndObjects", "week-1\Lesson_12_ClassesAndObjects\Lesson_12_ClassesAndObjects.csproj", "{2DF7F2C0-724D-4B5D-B9DC-772CC827D4DC}"
EndProject
Project("{9A19103F-16F7-4668-BE54-9A1E7A4F7556}") = "Lesson_13_Statics", "week-1\Lesson_13_Statics\Lesson_13_Statics.csproj", "{89CDAD5F-A83C-436B-B515-5B22A3577DB6}"
EndProject
Project("{2150E333-8FDC-42A3-9474-1A3956D46DE8}") = "week-2", "week-2", "{26820A46-4C0B-4DE8-924E-E46A6828DACA}"
EndProject
Project("{9A19103F-16F7-4668-BE54-9A1E7A4F7556}") = "Lesson_14_AbstractClasses", "week-2\Lesson_14_AbstractClasses\Lesson_14_AbstractClasses.csproj", "{87072C55-B00D-4BA0-A07B-0E0DB57C1F72}"
EndProject
Project("{9A19103F-16F7-4668-BE54-9A1E7A4F7556}") = "Lesson_15_MethodOverloading", "week-2\Lesson_15_MethodOverloading\Lesson_15_MethodOverloading.csproj", "{FCF73EAF-E97C-4C10-A7FD-F11DA4EEFB56}"
EndProject
Project("{9A19103F-16F7-4668-BE54-9A1E7A4F7556}") = "Lesson_16_MethodOverriding", "week-2\Lesson_16_MethodOverriding\Lesson_16_MethodOverriding.csproj", "{B48B9153-0399-4C9B-9AE8-D63F75EB910E}"
EndProject
Project("{9A19103F-16F7-4668-BE54-9A1E7A4F7556}") = "Lesson_17_Interfaces", "week-2\Lesson_17_Interfaces\Lesson_17_Interfaces.csproj", "{C0044661-A542-4A6A-B5AB-CED64491DE4F}"
EndProject
Project("{9A19103F-16F7-4668-BE54-9A1E7A4F7556}") = "Lesson_18_Naming", "week-2\Lesson_18_Naming\Lesson_18_Naming.csproj", "{11CA2A6F-A5A9-4EA5-A788-9E2DD6B8F092}"
EndProject
Project("{9A19103F-16F7-4668-BE54-9A1E7A4F7556}") = "Lesson_19_FunWithShortcuts", "week-2\Lesson_19_FunWithShortcuts\Lesson_19_FunWithShortcuts.csproj", "{4A5E62E9-D2D7-4FC5-93DE-1F2C19D9B247}"
EndProject
Project("{9A19103F-16F7-4668-BE54-9A1E7A4F7556}") = "Lesson_20_Loopy", "week-2\Lesson_20_Loopy\Lesson_20_Loopy.csproj", "{3C184FD6-7E04-473C-A83F-CC857BDC38FC}"
EndProject
Project("{9A19103F-16F7-4668-BE54-9A1E7A4F7556}") = "Lesson_21_Structures", "week-2\Lesson_21_Structures\Lesson_21_Structures.csproj", "{7B7FDA66-5EF4-4F0C-AAFB-3D72D9885170}"
EndProject
Project("{2150E333-8FDC-42A3-9474-1A3956D46DE8}") = "week-3", "week-3", "{9DC76DB3-4150-4B5F-8D44-1A4FD15671EE}"
EndProject
Project("{9A19103F-16F7-4668-BE54-9A1E7A4F7556}") = "Lesson_22_TryParsing", "week-3\Lesson_22_TryParsing\Lesson_22_TryParsing.csproj", "{880C7A91-C360-47B1-8D56-6B4ED42F1963}"
EndProject
Project("{9A19103F-16F7-4668-BE54-9A1E7A4F7556}") = "Lesson_23_TryAndCatch", "week-3\Lesson_23_TryAndCatch\Lesson_23_TryAndCatch.csproj", "{F6E23824-AAD1-4CCE-8B23-EB8C1769B205}"
EndProject
Project("{9A19103F-16F7-4668-BE54-9A1E7A4F7556}") = "Lesson_24_GenericsAndCollections", "week-3\Lesson_24_GenericsAndCollections\Lesson_24_GenericsAndCollections.csproj", "{86CA91DD-ACCE-43B7-A448-87FE0C476AC8}"
EndProject
Project("{9A19103F-16F7-4668-BE54-9A1E7A4F7556}") = "Lesson_25_Enumerations", "week-3\Lesson_25_Enumerations\Lesson_25_Enumerations.csproj", "{7E7D2036-0E80-4268-B43D-211470312B6A}"
EndProject
Project("{2150E333-8FDC-42A3-9474-1A3956D46DE8}") = "week-4", "week-4", "{5B653D85-AF75-49CE-A7C5-DEBFB080B92F}"
EndProject
Project("{9A19103F-16F7-4668-BE54-9A1E7A4F7556}") = "Lesson_26_WebAPI", "week-4\Lesson_26_WebAPI\Lesson_26_WebAPI.csproj", "{173A9ED0-6C6F-4412-893E-B8BBD5CCC724}"
EndProject
Project("{9A19103F-16F7-4668-BE54-9A1E7A4F7556}") = "Lesson_27_WebAPIwithReact", "week-4\Lesson_27_WebAPIwithReact\Lesson_27_WebAPIwithReact.csproj", "{4F19AC41-0459-4C8F-BA85-D96DA48DA776}"
EndProject
Project("{9A19103F-16F7-4668-BE54-9A1E7A4F7556}") = "Lesson_28_WebAPIwithAngular", "week-4\Lesson_28_WebAPIwithAngular\Lesson_28_WebAPIwithAngular.csproj", "{241B897A-EC5A-4C00-A932-AE10744F2958}"
EndProject
Project("{9A19103F-16F7-4668-BE54-9A1E7A4F7556}") = "Lesson_29_ASPNETMVC", "week-4\Lesson_29_ASPNETMVC\Lesson_29_ASPNETMVC.csproj", "{19A1071F-119F-49F9-99A6-303C256D359C}"
EndProject
Project("{9A19103F-16F7-4668-BE54-9A1E7A4F7556}") = "Lesson_30_BlazorServer", "week-4\Lesson_30_BlazorServer\Lesson_30_BlazorServer.csproj", "{750879B3-F678-41C9-A501-E45E0C681F84}"
EndProject
Project("{9A19103F-16F7-4668-BE54-9A1E7A4F7556}") = "Lesson_31_BlazorWASM", "week-4\Lesson_31_BlazorWASM\Lesson_31_BlazorWASM.csproj", "{26CC103D-7C71-4BAC-98B9-61072BDD75FF}"
EndProject
Project("{9A19103F-16F7-4668-BE54-9A1E7A4F7556}") = "Lesson_32_ASPNETCoreWithAuth", "week-4\Lesson_32_ASPNETCoreWithAuth\Lesson_32_ASPNETCoreWithAuth.csproj", "{A07E758C-5D6B-4A82-9812-B4BED9B2A95C}"
EndProject
Project("{FAE04EC0-301F-11D3-BF4B-00C04F79EFBC}") = "Lesson_33_WebApp", "week-4\Lesson_33_WebApp\Lesson_33_WebApp.csproj", "{1EF82DF5-2F68-48B4-BA6E-77C57E21E854}"
EndProject
Project("{2150E333-8FDC-42A3-9474-1A3956D46DE8}") = "week-5-8", "week-5-8", "{C2EAE051-2C2F-4F3F-8014-EDA7E972BC4D}"
EndProject
Project("{FAE04EC0-301F-11D3-BF4B-00C04F79EFBC}") = "Portal", "week-5-8\Portal\Portal.csproj", "{3BEFDE03-42CA-4EE2-B174-C8FAC9E9A0D9}"
EndProject
Global
	GlobalSection(SolutionConfigurationPlatforms) = preSolution
		Debug|Any CPU = Debug|Any CPU
		Debug|x64 = Debug|x64
		Debug|x86 = Debug|x86
		Release|Any CPU = Release|Any CPU
		Release|x64 = Release|x64
		Release|x86 = Release|x86
	EndGlobalSection
	GlobalSection(ProjectConfigurationPlatforms) = postSolution
		{51A8831A-4218-40AC-82CC-DB8B8CDB2681}.Debug|Any CPU.ActiveCfg = Debug|Any CPU
		{51A8831A-4218-40AC-82CC-DB8B8CDB2681}.Debug|Any CPU.Build.0 = Debug|Any CPU
		{51A8831A-4218-40AC-82CC-DB8B8CDB2681}.Debug|x64.ActiveCfg = Debug|Any CPU
		{51A8831A-4218-40AC-82CC-DB8B8CDB2681}.Debug|x64.Build.0 = Debug|Any CPU
		{51A8831A-4218-40AC-82CC-DB8B8CDB2681}.Debug|x86.ActiveCfg = Debug|Any CPU
		{51A8831A-4218-40AC-82CC-DB8B8CDB2681}.Debug|x86.Build.0 = Debug|Any CPU
		{51A8831A-4218-40AC-82CC-DB8B8CDB2681}.Release|Any CPU.ActiveCfg = Release|Any CPU
		{51A8831A-4218-40AC-82CC-DB8B8CDB2681}.Release|Any CPU.Build.0 = Release|Any CPU
		{51A8831A-4218-40AC-82CC-DB8B8CDB2681}.Release|x64.ActiveCfg = Release|Any CPU
		{51A8831A-4218-40AC-82CC-DB8B8CDB2681}.Release|x64.Build.0 = Release|Any CPU
		{51A8831A-4218-40AC-82CC-DB8B8CDB2681}.Release|x86.ActiveCfg = Release|Any CPU
		{51A8831A-4218-40AC-82CC-DB8B8CDB2681}.Release|x86.Build.0 = Release|Any CPU
		{9B2C0CD3-E7D5-4F52-8A25-485431A5B3FC}.Debug|Any CPU.ActiveCfg = Debug|Any CPU
		{9B2C0CD3-E7D5-4F52-8A25-485431A5B3FC}.Debug|Any CPU.Build.0 = Debug|Any CPU
		{9B2C0CD3-E7D5-4F52-8A25-485431A5B3FC}.Debug|x64.ActiveCfg = Debug|Any CPU
		{9B2C0CD3-E7D5-4F52-8A25-485431A5B3FC}.Debug|x64.Build.0 = Debug|Any CPU
		{9B2C0CD3-E7D5-4F52-8A25-485431A5B3FC}.Debug|x86.ActiveCfg = Debug|Any CPU
		{9B2C0CD3-E7D5-4F52-8A25-485431A5B3FC}.Debug|x86.Build.0 = Debug|Any CPU
		{9B2C0CD3-E7D5-4F52-8A25-485431A5B3FC}.Release|Any CPU.ActiveCfg = Release|Any CPU
		{9B2C0CD3-E7D5-4F52-8A25-485431A5B3FC}.Release|Any CPU.Build.0 = Release|Any CPU
		{9B2C0CD3-E7D5-4F52-8A25-485431A5B3FC}.Release|x64.ActiveCfg = Release|Any CPU
		{9B2C0CD3-E7D5-4F52-8A25-485431A5B3FC}.Release|x64.Build.0 = Release|Any CPU
		{9B2C0CD3-E7D5-4F52-8A25-485431A5B3FC}.Release|x86.ActiveCfg = Release|Any CPU
		{9B2C0CD3-E7D5-4F52-8A25-485431A5B3FC}.Release|x86.Build.0 = Release|Any CPU
		{C87F0E4F-5F7D-4FC0-8E4D-10E6BF0203EC}.Debug|Any CPU.ActiveCfg = Debug|Any CPU
		{C87F0E4F-5F7D-4FC0-8E4D-10E6BF0203EC}.Debug|Any CPU.Build.0 = Debug|Any CPU
		{C87F0E4F-5F7D-4FC0-8E4D-10E6BF0203EC}.Debug|x64.ActiveCfg = Debug|Any CPU
		{C87F0E4F-5F7D-4FC0-8E4D-10E6BF0203EC}.Debug|x64.Build.0 = Debug|Any CPU
		{C87F0E4F-5F7D-4FC0-8E4D-10E6BF0203EC}.Debug|x86.ActiveCfg = Debug|Any CPU
		{C87F0E4F-5F7D-4FC0-8E4D-10E6BF0203EC}.Debug|x86.Build.0 = Debug|Any CPU
		{C87F0E4F-5F7D-4FC0-8E4D-10E6BF0203EC}.Release|Any CPU.ActiveCfg = Release|Any CPU
		{C87F0E4F-5F7D-4FC0-8E4D-10E6BF0203EC}.Release|Any CPU.Build.0 = Release|Any CPU
		{C87F0E4F-5F7D-4FC0-8E4D-10E6BF0203EC}.Release|x64.ActiveCfg = Release|Any CPU
		{C87F0E4F-5F7D-4FC0-8E4D-10E6BF0203EC}.Release|x64.Build.0 = Release|Any CPU
		{C87F0E4F-5F7D-4FC0-8E4D-10E6BF0203EC}.Release|x86.ActiveCfg = Release|Any CPU
		{C87F0E4F-5F7D-4FC0-8E4D-10E6BF0203EC}.Release|x86.Build.0 = Release|Any CPU
		{22A0622D-998E-456A-8221-483F2845546C}.Debug|Any CPU.ActiveCfg = Debug|Any CPU
		{22A0622D-998E-456A-8221-483F2845546C}.Debug|Any CPU.Build.0 = Debug|Any CPU
		{22A0622D-998E-456A-8221-483F2845546C}.Debug|x64.ActiveCfg = Debug|Any CPU
		{22A0622D-998E-456A-8221-483F2845546C}.Debug|x64.Build.0 = Debug|Any CPU
		{22A0622D-998E-456A-8221-483F2845546C}.Debug|x86.ActiveCfg = Debug|Any CPU
		{22A0622D-998E-456A-8221-483F2845546C}.Debug|x86.Build.0 = Debug|Any CPU
		{22A0622D-998E-456A-8221-483F2845546C}.Release|Any CPU.ActiveCfg = Release|Any CPU
		{22A0622D-998E-456A-8221-483F2845546C}.Release|Any CPU.Build.0 = Release|Any CPU
		{22A0622D-998E-456A-8221-483F2845546C}.Release|x64.ActiveCfg = Release|Any CPU
		{22A0622D-998E-456A-8221-483F2845546C}.Release|x64.Build.0 = Release|Any CPU
		{22A0622D-998E-456A-8221-483F2845546C}.Release|x86.ActiveCfg = Release|Any CPU
		{22A0622D-998E-456A-8221-483F2845546C}.Release|x86.Build.0 = Release|Any CPU
		{13BE4EAA-A10C-4607-8C91-355008555375}.Debug|Any CPU.ActiveCfg = Debug|Any CPU
		{13BE4EAA-A10C-4607-8C91-355008555375}.Debug|Any CPU.Build.0 = Debug|Any CPU
		{13BE4EAA-A10C-4607-8C91-355008555375}.Debug|x64.ActiveCfg = Debug|Any CPU
		{13BE4EAA-A10C-4607-8C91-355008555375}.Debug|x64.Build.0 = Debug|Any CPU
		{13BE4EAA-A10C-4607-8C91-355008555375}.Debug|x86.ActiveCfg = Debug|Any CPU
		{13BE4EAA-A10C-4607-8C91-355008555375}.Debug|x86.Build.0 = Debug|Any CPU
		{13BE4EAA-A10C-4607-8C91-355008555375}.Release|Any CPU.ActiveCfg = Release|Any CPU
		{13BE4EAA-A10C-4607-8C91-355008555375}.Release|Any CPU.Build.0 = Release|Any CPU
		{13BE4EAA-A10C-4607-8C91-355008555375}.Release|x64.ActiveCfg = Release|Any CPU
		{13BE4EAA-A10C-4607-8C91-355008555375}.Release|x64.Build.0 = Release|Any CPU
		{13BE4EAA-A10C-4607-8C91-355008555375}.Release|x86.ActiveCfg = Release|Any CPU
		{13BE4EAA-A10C-4607-8C91-355008555375}.Release|x86.Build.0 = Release|Any CPU
		{B376D154-64A9-4910-8426-CC10E2C3C0CA}.Debug|Any CPU.ActiveCfg = Debug|Any CPU
		{B376D154-64A9-4910-8426-CC10E2C3C0CA}.Debug|Any CPU.Build.0 = Debug|Any CPU
		{B376D154-64A9-4910-8426-CC10E2C3C0CA}.Debug|x64.ActiveCfg = Debug|Any CPU
		{B376D154-64A9-4910-8426-CC10E2C3C0CA}.Debug|x64.Build.0 = Debug|Any CPU
		{B376D154-64A9-4910-8426-CC10E2C3C0CA}.Debug|x86.ActiveCfg = Debug|Any CPU
		{B376D154-64A9-4910-8426-CC10E2C3C0CA}.Debug|x86.Build.0 = Debug|Any CPU
		{B376D154-64A9-4910-8426-CC10E2C3C0CA}.Release|Any CPU.ActiveCfg = Release|Any CPU
		{B376D154-64A9-4910-8426-CC10E2C3C0CA}.Release|Any CPU.Build.0 = Release|Any CPU
		{B376D154-64A9-4910-8426-CC10E2C3C0CA}.Release|x64.ActiveCfg = Release|Any CPU
		{B376D154-64A9-4910-8426-CC10E2C3C0CA}.Release|x64.Build.0 = Release|Any CPU
		{B376D154-64A9-4910-8426-CC10E2C3C0CA}.Release|x86.ActiveCfg = Release|Any CPU
		{B376D154-64A9-4910-8426-CC10E2C3C0CA}.Release|x86.Build.0 = Release|Any CPU
		{AF597272-277F-4DC6-8794-C8B761FFD1EE}.Debug|Any CPU.ActiveCfg = Debug|Any CPU
		{AF597272-277F-4DC6-8794-C8B761FFD1EE}.Debug|Any CPU.Build.0 = Debug|Any CPU
		{AF597272-277F-4DC6-8794-C8B761FFD1EE}.Debug|x64.ActiveCfg = Debug|Any CPU
		{AF597272-277F-4DC6-8794-C8B761FFD1EE}.Debug|x64.Build.0 = Debug|Any CPU
		{AF597272-277F-4DC6-8794-C8B761FFD1EE}.Debug|x86.ActiveCfg = Debug|Any CPU
		{AF597272-277F-4DC6-8794-C8B761FFD1EE}.Debug|x86.Build.0 = Debug|Any CPU
		{AF597272-277F-4DC6-8794-C8B761FFD1EE}.Release|Any CPU.ActiveCfg = Release|Any CPU
		{AF597272-277F-4DC6-8794-C8B761FFD1EE}.Release|Any CPU.Build.0 = Release|Any CPU
		{AF597272-277F-4DC6-8794-C8B761FFD1EE}.Release|x64.ActiveCfg = Release|Any CPU
		{AF597272-277F-4DC6-8794-C8B761FFD1EE}.Release|x64.Build.0 = Release|Any CPU
		{AF597272-277F-4DC6-8794-C8B761FFD1EE}.Release|x86.ActiveCfg = Release|Any CPU
		{AF597272-277F-4DC6-8794-C8B761FFD1EE}.Release|x86.Build.0 = Release|Any CPU
		{922673EB-E0DD-4BB0-9E4C-C864E872131C}.Debug|Any CPU.ActiveCfg = Debug|Any CPU
		{922673EB-E0DD-4BB0-9E4C-C864E872131C}.Debug|Any CPU.Build.0 = Debug|Any CPU
		{922673EB-E0DD-4BB0-9E4C-C864E872131C}.Debug|x64.ActiveCfg = Debug|Any CPU
		{922673EB-E0DD-4BB0-9E4C-C864E872131C}.Debug|x64.Build.0 = Debug|Any CPU
		{922673EB-E0DD-4BB0-9E4C-C864E872131C}.Debug|x86.ActiveCfg = Debug|Any CPU
		{922673EB-E0DD-4BB0-9E4C-C864E872131C}.Debug|x86.Build.0 = Debug|Any CPU
		{922673EB-E0DD-4BB0-9E4C-C864E872131C}.Release|Any CPU.ActiveCfg = Release|Any CPU
		{922673EB-E0DD-4BB0-9E4C-C864E872131C}.Release|Any CPU.Build.0 = Release|Any CPU
		{922673EB-E0DD-4BB0-9E4C-C864E872131C}.Release|x64.ActiveCfg = Release|Any CPU
		{922673EB-E0DD-4BB0-9E4C-C864E872131C}.Release|x64.Build.0 = Release|Any CPU
		{922673EB-E0DD-4BB0-9E4C-C864E872131C}.Release|x86.ActiveCfg = Release|Any CPU
		{922673EB-E0DD-4BB0-9E4C-C864E872131C}.Release|x86.Build.0 = Release|Any CPU
		{6A1DCDF4-6F0D-4930-9576-EA4545E5AECE}.Debug|Any CPU.ActiveCfg = Debug|Any CPU
		{6A1DCDF4-6F0D-4930-9576-EA4545E5AECE}.Debug|Any CPU.Build.0 = Debug|Any CPU
		{6A1DCDF4-6F0D-4930-9576-EA4545E5AECE}.Debug|x64.ActiveCfg = Debug|Any CPU
		{6A1DCDF4-6F0D-4930-9576-EA4545E5AECE}.Debug|x64.Build.0 = Debug|Any CPU
		{6A1DCDF4-6F0D-4930-9576-EA4545E5AECE}.Debug|x86.ActiveCfg = Debug|Any CPU
		{6A1DCDF4-6F0D-4930-9576-EA4545E5AECE}.Debug|x86.Build.0 = Debug|Any CPU
		{6A1DCDF4-6F0D-4930-9576-EA4545E5AECE}.Release|Any CPU.ActiveCfg = Release|Any CPU
		{6A1DCDF4-6F0D-4930-9576-EA4545E5AECE}.Release|Any CPU.Build.0 = Release|Any CPU
		{6A1DCDF4-6F0D-4930-9576-EA4545E5AECE}.Release|x64.ActiveCfg = Release|Any CPU
		{6A1DCDF4-6F0D-4930-9576-EA4545E5AECE}.Release|x64.Build.0 = Release|Any CPU
		{6A1DCDF4-6F0D-4930-9576-EA4545E5AECE}.Release|x86.ActiveCfg = Release|Any CPU
		{6A1DCDF4-6F0D-4930-9576-EA4545E5AECE}.Release|x86.Build.0 = Release|Any CPU
		{86E3F92A-7FDE-4977-8CA5-2B5EA0FBA899}.Debug|Any CPU.ActiveCfg = Debug|Any CPU
		{86E3F92A-7FDE-4977-8CA5-2B5EA0FBA899}.Debug|Any CPU.Build.0 = Debug|Any CPU
		{86E3F92A-7FDE-4977-8CA5-2B5EA0FBA899}.Debug|x64.ActiveCfg = Debug|Any CPU
		{86E3F92A-7FDE-4977-8CA5-2B5EA0FBA899}.Debug|x64.Build.0 = Debug|Any CPU
		{86E3F92A-7FDE-4977-8CA5-2B5EA0FBA899}.Debug|x86.ActiveCfg = Debug|Any CPU
		{86E3F92A-7FDE-4977-8CA5-2B5EA0FBA899}.Debug|x86.Build.0 = Debug|Any CPU
		{86E3F92A-7FDE-4977-8CA5-2B5EA0FBA899}.Release|Any CPU.ActiveCfg = Release|Any CPU
		{86E3F92A-7FDE-4977-8CA5-2B5EA0FBA899}.Release|Any CPU.Build.0 = Release|Any CPU
		{86E3F92A-7FDE-4977-8CA5-2B5EA0FBA899}.Release|x64.ActiveCfg = Release|Any CPU
		{86E3F92A-7FDE-4977-8CA5-2B5EA0FBA899}.Release|x64.Build.0 = Release|Any CPU
		{86E3F92A-7FDE-4977-8CA5-2B5EA0FBA899}.Release|x86.ActiveCfg = Release|Any CPU
		{86E3F92A-7FDE-4977-8CA5-2B5EA0FBA899}.Release|x86.Build.0 = Release|Any CPU
		{9C8C56AB-A69D-4216-B2BB-AD07E230CEA1}.Debug|Any CPU.ActiveCfg = Debug|Any CPU
		{9C8C56AB-A69D-4216-B2BB-AD07E230CEA1}.Debug|Any CPU.Build.0 = Debug|Any CPU
		{9C8C56AB-A69D-4216-B2BB-AD07E230CEA1}.Debug|x64.ActiveCfg = Debug|Any CPU
		{9C8C56AB-A69D-4216-B2BB-AD07E230CEA1}.Debug|x64.Build.0 = Debug|Any CPU
		{9C8C56AB-A69D-4216-B2BB-AD07E230CEA1}.Debug|x86.ActiveCfg = Debug|Any CPU
		{9C8C56AB-A69D-4216-B2BB-AD07E230CEA1}.Debug|x86.Build.0 = Debug|Any CPU
		{9C8C56AB-A69D-4216-B2BB-AD07E230CEA1}.Release|Any CPU.ActiveCfg = Release|Any CPU
		{9C8C56AB-A69D-4216-B2BB-AD07E230CEA1}.Release|Any CPU.Build.0 = Release|Any CPU
		{9C8C56AB-A69D-4216-B2BB-AD07E230CEA1}.Release|x64.ActiveCfg = Release|Any CPU
		{9C8C56AB-A69D-4216-B2BB-AD07E230CEA1}.Release|x64.Build.0 = Release|Any CPU
		{9C8C56AB-A69D-4216-B2BB-AD07E230CEA1}.Release|x86.ActiveCfg = Release|Any CPU
		{9C8C56AB-A69D-4216-B2BB-AD07E230CEA1}.Release|x86.Build.0 = Release|Any CPU
		{2DF7F2C0-724D-4B5D-B9DC-772CC827D4DC}.Debug|Any CPU.ActiveCfg = Debug|Any CPU
		{2DF7F2C0-724D-4B5D-B9DC-772CC827D4DC}.Debug|Any CPU.Build.0 = Debug|Any CPU
		{2DF7F2C0-724D-4B5D-B9DC-772CC827D4DC}.Debug|x64.ActiveCfg = Debug|Any CPU
		{2DF7F2C0-724D-4B5D-B9DC-772CC827D4DC}.Debug|x64.Build.0 = Debug|Any CPU
		{2DF7F2C0-724D-4B5D-B9DC-772CC827D4DC}.Debug|x86.ActiveCfg = Debug|Any CPU
		{2DF7F2C0-724D-4B5D-B9DC-772CC827D4DC}.Debug|x86.Build.0 = Debug|Any CPU
		{2DF7F2C0-724D-4B5D-B9DC-772CC827D4DC}.Release|Any CPU.ActiveCfg = Release|Any CPU
		{2DF7F2C0-724D-4B5D-B9DC-772CC827D4DC}.Release|Any CPU.Build.0 = Release|Any CPU
		{2DF7F2C0-724D-4B5D-B9DC-772CC827D4DC}.Release|x64.ActiveCfg = Release|Any CPU
		{2DF7F2C0-724D-4B5D-B9DC-772CC827D4DC}.Release|x64.Build.0 = Release|Any CPU
		{2DF7F2C0-724D-4B5D-B9DC-772CC827D4DC}.Release|x86.ActiveCfg = Release|Any CPU
		{2DF7F2C0-724D-4B5D-B9DC-772CC827D4DC}.Release|x86.Build.0 = Release|Any CPU
		{89CDAD5F-A83C-436B-B515-5B22A3577DB6}.Debug|Any CPU.ActiveCfg = Debug|Any CPU
		{89CDAD5F-A83C-436B-B515-5B22A3577DB6}.Debug|Any CPU.Build.0 = Debug|Any CPU
		{89CDAD5F-A83C-436B-B515-5B22A3577DB6}.Debug|x64.ActiveCfg = Debug|Any CPU
		{89CDAD5F-A83C-436B-B515-5B22A3577DB6}.Debug|x64.Build.0 = Debug|Any CPU
		{89CDAD5F-A83C-436B-B515-5B22A3577DB6}.Debug|x86.ActiveCfg = Debug|Any CPU
		{89CDAD5F-A83C-436B-B515-5B22A3577DB6}.Debug|x86.Build.0 = Debug|Any CPU
		{89CDAD5F-A83C-436B-B515-5B22A3577DB6}.Release|Any CPU.ActiveCfg = Release|Any CPU
		{89CDAD5F-A83C-436B-B515-5B22A3577DB6}.Release|Any CPU.Build.0 = Release|Any CPU
		{89CDAD5F-A83C-436B-B515-5B22A3577DB6}.Release|x64.ActiveCfg = Release|Any CPU
		{89CDAD5F-A83C-436B-B515-5B22A3577DB6}.Release|x64.Build.0 = Release|Any CPU
		{89CDAD5F-A83C-436B-B515-5B22A3577DB6}.Release|x86.ActiveCfg = Release|Any CPU
		{89CDAD5F-A83C-436B-B515-5B22A3577DB6}.Release|x86.Build.0 = Release|Any CPU
		{87072C55-B00D-4BA0-A07B-0E0DB57C1F72}.Debug|Any CPU.ActiveCfg = Debug|Any CPU
		{87072C55-B00D-4BA0-A07B-0E0DB57C1F72}.Debug|Any CPU.Build.0 = Debug|Any CPU
		{87072C55-B00D-4BA0-A07B-0E0DB57C1F72}.Debug|x64.ActiveCfg = Debug|Any CPU
		{87072C55-B00D-4BA0-A07B-0E0DB57C1F72}.Debug|x64.Build.0 = Debug|Any CPU
		{87072C55-B00D-4BA0-A07B-0E0DB57C1F72}.Debug|x86.ActiveCfg = Debug|Any CPU
		{87072C55-B00D-4BA0-A07B-0E0DB57C1F72}.Debug|x86.Build.0 = Debug|Any CPU
		{87072C55-B00D-4BA0-A07B-0E0DB57C1F72}.Release|Any CPU.ActiveCfg = Release|Any CPU
		{87072C55-B00D-4BA0-A07B-0E0DB57C1F72}.Release|Any CPU.Build.0 = Release|Any CPU
		{87072C55-B00D-4BA0-A07B-0E0DB57C1F72}.Release|x64.ActiveCfg = Release|Any CPU
		{87072C55-B00D-4BA0-A07B-0E0DB57C1F72}.Release|x64.Build.0 = Release|Any CPU
		{87072C55-B00D-4BA0-A07B-0E0DB57C1F72}.Release|x86.ActiveCfg = Release|Any CPU
		{87072C55-B00D-4BA0-A07B-0E0DB57C1F72}.Release|x86.Build.0 = Release|Any CPU
		{FCF73EAF-E97C-4C10-A7FD-F11DA4EEFB56}.Debug|Any CPU.ActiveCfg = Debug|Any CPU
		{FCF73EAF-E97C-4C10-A7FD-F11DA4EEFB56}.Debug|Any CPU.Build.0 = Debug|Any CPU
		{FCF73EAF-E97C-4C10-A7FD-F11DA4EEFB56}.Debug|x64.ActiveCfg = Debug|Any CPU
		{FCF73EAF-E97C-4C10-A7FD-F11DA4EEFB56}.Debug|x64.Build.0 = Debug|Any CPU
		{FCF73EAF-E97C-4C10-A7FD-F11DA4EEFB56}.Debug|x86.ActiveCfg = Debug|Any CPU
		{FCF73EAF-E97C-4C10-A7FD-F11DA4EEFB56}.Debug|x86.Build.0 = Debug|Any CPU
		{FCF73EAF-E97C-4C10-A7FD-F11DA4EEFB56}.Release|Any CPU.ActiveCfg = Release|Any CPU
		{FCF73EAF-E97C-4C10-A7FD-F11DA4EEFB56}.Release|Any CPU.Build.0 = Release|Any CPU
		{FCF73EAF-E97C-4C10-A7FD-F11DA4EEFB56}.Release|x64.ActiveCfg = Release|Any CPU
		{FCF73EAF-E97C-4C10-A7FD-F11DA4EEFB56}.Release|x64.Build.0 = Release|Any CPU
		{FCF73EAF-E97C-4C10-A7FD-F11DA4EEFB56}.Release|x86.ActiveCfg = Release|Any CPU
		{FCF73EAF-E97C-4C10-A7FD-F11DA4EEFB56}.Release|x86.Build.0 = Release|Any CPU
		{B48B9153-0399-4C9B-9AE8-D63F75EB910E}.Debug|Any CPU.ActiveCfg = Debug|Any CPU
		{B48B9153-0399-4C9B-9AE8-D63F75EB910E}.Debug|Any CPU.Build.0 = Debug|Any CPU
		{B48B9153-0399-4C9B-9AE8-D63F75EB910E}.Debug|x64.ActiveCfg = Debug|Any CPU
		{B48B9153-0399-4C9B-9AE8-D63F75EB910E}.Debug|x64.Build.0 = Debug|Any CPU
		{B48B9153-0399-4C9B-9AE8-D63F75EB910E}.Debug|x86.ActiveCfg = Debug|Any CPU
		{B48B9153-0399-4C9B-9AE8-D63F75EB910E}.Debug|x86.Build.0 = Debug|Any CPU
		{B48B9153-0399-4C9B-9AE8-D63F75EB910E}.Release|Any CPU.ActiveCfg = Release|Any CPU
		{B48B9153-0399-4C9B-9AE8-D63F75EB910E}.Release|Any CPU.Build.0 = Release|Any CPU
		{B48B9153-0399-4C9B-9AE8-D63F75EB910E}.Release|x64.ActiveCfg = Release|Any CPU
		{B48B9153-0399-4C9B-9AE8-D63F75EB910E}.Release|x64.Build.0 = Release|Any CPU
		{B48B9153-0399-4C9B-9AE8-D63F75EB910E}.Release|x86.ActiveCfg = Release|Any CPU
		{B48B9153-0399-4C9B-9AE8-D63F75EB910E}.Release|x86.Build.0 = Release|Any CPU
		{C0044661-A542-4A6A-B5AB-CED64491DE4F}.Debug|Any CPU.ActiveCfg = Debug|Any CPU
		{C0044661-A542-4A6A-B5AB-CED64491DE4F}.Debug|Any CPU.Build.0 = Debug|Any CPU
		{C0044661-A542-4A6A-B5AB-CED64491DE4F}.Debug|x64.ActiveCfg = Debug|Any CPU
		{C0044661-A542-4A6A-B5AB-CED64491DE4F}.Debug|x64.Build.0 = Debug|Any CPU
		{C0044661-A542-4A6A-B5AB-CED64491DE4F}.Debug|x86.ActiveCfg = Debug|Any CPU
		{C0044661-A542-4A6A-B5AB-CED64491DE4F}.Debug|x86.Build.0 = Debug|Any CPU
		{C0044661-A542-4A6A-B5AB-CED64491DE4F}.Release|Any CPU.ActiveCfg = Release|Any CPU
		{C0044661-A542-4A6A-B5AB-CED64491DE4F}.Release|Any CPU.Build.0 = Release|Any CPU
		{C0044661-A542-4A6A-B5AB-CED64491DE4F}.Release|x64.ActiveCfg = Release|Any CPU
		{C0044661-A542-4A6A-B5AB-CED64491DE4F}.Release|x64.Build.0 = Release|Any CPU
		{C0044661-A542-4A6A-B5AB-CED64491DE4F}.Release|x86.ActiveCfg = Release|Any CPU
		{C0044661-A542-4A6A-B5AB-CED64491DE4F}.Release|x86.Build.0 = Release|Any CPU
		{11CA2A6F-A5A9-4EA5-A788-9E2DD6B8F092}.Debug|Any CPU.ActiveCfg = Debug|Any CPU
		{11CA2A6F-A5A9-4EA5-A788-9E2DD6B8F092}.Debug|Any CPU.Build.0 = Debug|Any CPU
		{11CA2A6F-A5A9-4EA5-A788-9E2DD6B8F092}.Debug|x64.ActiveCfg = Debug|Any CPU
		{11CA2A6F-A5A9-4EA5-A788-9E2DD6B8F092}.Debug|x64.Build.0 = Debug|Any CPU
		{11CA2A6F-A5A9-4EA5-A788-9E2DD6B8F092}.Debug|x86.ActiveCfg = Debug|Any CPU
		{11CA2A6F-A5A9-4EA5-A788-9E2DD6B8F092}.Debug|x86.Build.0 = Debug|Any CPU
		{11CA2A6F-A5A9-4EA5-A788-9E2DD6B8F092}.Release|Any CPU.ActiveCfg = Release|Any CPU
		{11CA2A6F-A5A9-4EA5-A788-9E2DD6B8F092}.Release|Any CPU.Build.0 = Release|Any CPU
		{11CA2A6F-A5A9-4EA5-A788-9E2DD6B8F092}.Release|x64.ActiveCfg = Release|Any CPU
		{11CA2A6F-A5A9-4EA5-A788-9E2DD6B8F092}.Release|x64.Build.0 = Release|Any CPU
		{11CA2A6F-A5A9-4EA5-A788-9E2DD6B8F092}.Release|x86.ActiveCfg = Release|Any CPU
		{11CA2A6F-A5A9-4EA5-A788-9E2DD6B8F092}.Release|x86.Build.0 = Release|Any CPU
		{4A5E62E9-D2D7-4FC5-93DE-1F2C19D9B247}.Debug|Any CPU.ActiveCfg = Debug|Any CPU
		{4A5E62E9-D2D7-4FC5-93DE-1F2C19D9B247}.Debug|Any CPU.Build.0 = Debug|Any CPU
		{4A5E62E9-D2D7-4FC5-93DE-1F2C19D9B247}.Debug|x64.ActiveCfg = Debug|Any CPU
		{4A5E62E9-D2D7-4FC5-93DE-1F2C19D9B247}.Debug|x64.Build.0 = Debug|Any CPU
		{4A5E62E9-D2D7-4FC5-93DE-1F2C19D9B247}.Debug|x86.ActiveCfg = Debug|Any CPU
		{4A5E62E9-D2D7-4FC5-93DE-1F2C19D9B247}.Debug|x86.Build.0 = Debug|Any CPU
		{4A5E62E9-D2D7-4FC5-93DE-1F2C19D9B247}.Release|Any CPU.ActiveCfg = Release|Any CPU
		{4A5E62E9-D2D7-4FC5-93DE-1F2C19D9B247}.Release|Any CPU.Build.0 = Release|Any CPU
		{4A5E62E9-D2D7-4FC5-93DE-1F2C19D9B247}.Release|x64.ActiveCfg = Release|Any CPU
		{4A5E62E9-D2D7-4FC5-93DE-1F2C19D9B247}.Release|x64.Build.0 = Release|Any CPU
		{4A5E62E9-D2D7-4FC5-93DE-1F2C19D9B247}.Release|x86.ActiveCfg = Release|Any CPU
		{4A5E62E9-D2D7-4FC5-93DE-1F2C19D9B247}.Release|x86.Build.0 = Release|Any CPU
		{3C184FD6-7E04-473C-A83F-CC857BDC38FC}.Debug|Any CPU.ActiveCfg = Debug|Any CPU
		{3C184FD6-7E04-473C-A83F-CC857BDC38FC}.Debug|Any CPU.Build.0 = Debug|Any CPU
		{3C184FD6-7E04-473C-A83F-CC857BDC38FC}.Debug|x64.ActiveCfg = Debug|Any CPU
		{3C184FD6-7E04-473C-A83F-CC857BDC38FC}.Debug|x64.Build.0 = Debug|Any CPU
		{3C184FD6-7E04-473C-A83F-CC857BDC38FC}.Debug|x86.ActiveCfg = Debug|Any CPU
		{3C184FD6-7E04-473C-A83F-CC857BDC38FC}.Debug|x86.Build.0 = Debug|Any CPU
		{3C184FD6-7E04-473C-A83F-CC857BDC38FC}.Release|Any CPU.ActiveCfg = Release|Any CPU
		{3C184FD6-7E04-473C-A83F-CC857BDC38FC}.Release|Any CPU.Build.0 = Release|Any CPU
		{3C184FD6-7E04-473C-A83F-CC857BDC38FC}.Release|x64.ActiveCfg = Release|Any CPU
		{3C184FD6-7E04-473C-A83F-CC857BDC38FC}.Release|x64.Build.0 = Release|Any CPU
		{3C184FD6-7E04-473C-A83F-CC857BDC38FC}.Release|x86.ActiveCfg = Release|Any CPU
		{3C184FD6-7E04-473C-A83F-CC857BDC38FC}.Release|x86.Build.0 = Release|Any CPU
		{7B7FDA66-5EF4-4F0C-AAFB-3D72D9885170}.Debug|Any CPU.ActiveCfg = Debug|Any CPU
		{7B7FDA66-5EF4-4F0C-AAFB-3D72D9885170}.Debug|Any CPU.Build.0 = Debug|Any CPU
		{7B7FDA66-5EF4-4F0C-AAFB-3D72D9885170}.Debug|x64.ActiveCfg = Debug|Any CPU
		{7B7FDA66-5EF4-4F0C-AAFB-3D72D9885170}.Debug|x64.Build.0 = Debug|Any CPU
		{7B7FDA66-5EF4-4F0C-AAFB-3D72D9885170}.Debug|x86.ActiveCfg = Debug|Any CPU
		{7B7FDA66-5EF4-4F0C-AAFB-3D72D9885170}.Debug|x86.Build.0 = Debug|Any CPU
		{7B7FDA66-5EF4-4F0C-AAFB-3D72D9885170}.Release|Any CPU.ActiveCfg = Release|Any CPU
		{7B7FDA66-5EF4-4F0C-AAFB-3D72D9885170}.Release|Any CPU.Build.0 = Release|Any CPU
		{7B7FDA66-5EF4-4F0C-AAFB-3D72D9885170}.Release|x64.ActiveCfg = Release|Any CPU
		{7B7FDA66-5EF4-4F0C-AAFB-3D72D9885170}.Release|x64.Build.0 = Release|Any CPU
		{7B7FDA66-5EF4-4F0C-AAFB-3D72D9885170}.Release|x86.ActiveCfg = Release|Any CPU
		{7B7FDA66-5EF4-4F0C-AAFB-3D72D9885170}.Release|x86.Build.0 = Release|Any CPU
		{880C7A91-C360-47B1-8D56-6B4ED42F1963}.Debug|Any CPU.ActiveCfg = Debug|Any CPU
		{880C7A91-C360-47B1-8D56-6B4ED42F1963}.Debug|Any CPU.Build.0 = Debug|Any CPU
		{880C7A91-C360-47B1-8D56-6B4ED42F1963}.Debug|x64.ActiveCfg = Debug|Any CPU
		{880C7A91-C360-47B1-8D56-6B4ED42F1963}.Debug|x64.Build.0 = Debug|Any CPU
		{880C7A91-C360-47B1-8D56-6B4ED42F1963}.Debug|x86.ActiveCfg = Debug|Any CPU
		{880C7A91-C360-47B1-8D56-6B4ED42F1963}.Debug|x86.Build.0 = Debug|Any CPU
		{880C7A91-C360-47B1-8D56-6B4ED42F1963}.Release|Any CPU.ActiveCfg = Release|Any CPU
		{880C7A91-C360-47B1-8D56-6B4ED42F1963}.Release|Any CPU.Build.0 = Release|Any CPU
		{880C7A91-C360-47B1-8D56-6B4ED42F1963}.Release|x64.ActiveCfg = Release|Any CPU
		{880C7A91-C360-47B1-8D56-6B4ED42F1963}.Release|x64.Build.0 = Release|Any CPU
		{880C7A91-C360-47B1-8D56-6B4ED42F1963}.Release|x86.ActiveCfg = Release|Any CPU
		{880C7A91-C360-47B1-8D56-6B4ED42F1963}.Release|x86.Build.0 = Release|Any CPU
		{F6E23824-AAD1-4CCE-8B23-EB8C1769B205}.Debug|Any CPU.ActiveCfg = Debug|Any CPU
		{F6E23824-AAD1-4CCE-8B23-EB8C1769B205}.Debug|Any CPU.Build.0 = Debug|Any CPU
		{F6E23824-AAD1-4CCE-8B23-EB8C1769B205}.Debug|x64.ActiveCfg = Debug|Any CPU
		{F6E23824-AAD1-4CCE-8B23-EB8C1769B205}.Debug|x64.Build.0 = Debug|Any CPU
		{F6E23824-AAD1-4CCE-8B23-EB8C1769B205}.Debug|x86.ActiveCfg = Debug|Any CPU
		{F6E23824-AAD1-4CCE-8B23-EB8C1769B205}.Debug|x86.Build.0 = Debug|Any CPU
		{F6E23824-AAD1-4CCE-8B23-EB8C1769B205}.Release|Any CPU.ActiveCfg = Release|Any CPU
		{F6E23824-AAD1-4CCE-8B23-EB8C1769B205}.Release|Any CPU.Build.0 = Release|Any CPU
		{F6E23824-AAD1-4CCE-8B23-EB8C1769B205}.Release|x64.ActiveCfg = Release|Any CPU
		{F6E23824-AAD1-4CCE-8B23-EB8C1769B205}.Release|x64.Build.0 = Release|Any CPU
		{F6E23824-AAD1-4CCE-8B23-EB8C1769B205}.Release|x86.ActiveCfg = Release|Any CPU
		{F6E23824-AAD1-4CCE-8B23-EB8C1769B205}.Release|x86.Build.0 = Release|Any CPU
		{86CA91DD-ACCE-43B7-A448-87FE0C476AC8}.Debug|Any CPU.ActiveCfg = Debug|Any CPU
		{86CA91DD-ACCE-43B7-A448-87FE0C476AC8}.Debug|Any CPU.Build.0 = Debug|Any CPU
		{86CA91DD-ACCE-43B7-A448-87FE0C476AC8}.Debug|x64.ActiveCfg = Debug|Any CPU
		{86CA91DD-ACCE-43B7-A448-87FE0C476AC8}.Debug|x64.Build.0 = Debug|Any CPU
		{86CA91DD-ACCE-43B7-A448-87FE0C476AC8}.Debug|x86.ActiveCfg = Debug|Any CPU
		{86CA91DD-ACCE-43B7-A448-87FE0C476AC8}.Debug|x86.Build.0 = Debug|Any CPU
		{86CA91DD-ACCE-43B7-A448-87FE0C476AC8}.Release|Any CPU.ActiveCfg = Release|Any CPU
		{86CA91DD-ACCE-43B7-A448-87FE0C476AC8}.Release|Any CPU.Build.0 = Release|Any CPU
		{86CA91DD-ACCE-43B7-A448-87FE0C476AC8}.Release|x64.ActiveCfg = Release|Any CPU
		{86CA91DD-ACCE-43B7-A448-87FE0C476AC8}.Release|x64.Build.0 = Release|Any CPU
		{86CA91DD-ACCE-43B7-A448-87FE0C476AC8}.Release|x86.ActiveCfg = Release|Any CPU
		{86CA91DD-ACCE-43B7-A448-87FE0C476AC8}.Release|x86.Build.0 = Release|Any CPU
		{7E7D2036-0E80-4268-B43D-211470312B6A}.Debug|Any CPU.ActiveCfg = Debug|Any CPU
		{7E7D2036-0E80-4268-B43D-211470312B6A}.Debug|Any CPU.Build.0 = Debug|Any CPU
		{7E7D2036-0E80-4268-B43D-211470312B6A}.Debug|x64.ActiveCfg = Debug|Any CPU
		{7E7D2036-0E80-4268-B43D-211470312B6A}.Debug|x64.Build.0 = Debug|Any CPU
		{7E7D2036-0E80-4268-B43D-211470312B6A}.Debug|x86.ActiveCfg = Debug|Any CPU
		{7E7D2036-0E80-4268-B43D-211470312B6A}.Debug|x86.Build.0 = Debug|Any CPU
		{7E7D2036-0E80-4268-B43D-211470312B6A}.Release|Any CPU.ActiveCfg = Release|Any CPU
		{7E7D2036-0E80-4268-B43D-211470312B6A}.Release|Any CPU.Build.0 = Release|Any CPU
		{7E7D2036-0E80-4268-B43D-211470312B6A}.Release|x64.ActiveCfg = Release|Any CPU
		{7E7D2036-0E80-4268-B43D-211470312B6A}.Release|x64.Build.0 = Release|Any CPU
		{7E7D2036-0E80-4268-B43D-211470312B6A}.Release|x86.ActiveCfg = Release|Any CPU
		{7E7D2036-0E80-4268-B43D-211470312B6A}.Release|x86.Build.0 = Release|Any CPU
		{173A9ED0-6C6F-4412-893E-B8BBD5CCC724}.Debug|Any CPU.ActiveCfg = Debug|Any CPU
		{173A9ED0-6C6F-4412-893E-B8BBD5CCC724}.Debug|Any CPU.Build.0 = Debug|Any CPU
		{173A9ED0-6C6F-4412-893E-B8BBD5CCC724}.Debug|x64.ActiveCfg = Debug|Any CPU
		{173A9ED0-6C6F-4412-893E-B8BBD5CCC724}.Debug|x64.Build.0 = Debug|Any CPU
		{173A9ED0-6C6F-4412-893E-B8BBD5CCC724}.Debug|x86.ActiveCfg = Debug|Any CPU
		{173A9ED0-6C6F-4412-893E-B8BBD5CCC724}.Debug|x86.Build.0 = Debug|Any CPU
		{173A9ED0-6C6F-4412-893E-B8BBD5CCC724}.Release|Any CPU.ActiveCfg = Release|Any CPU
		{173A9ED0-6C6F-4412-893E-B8BBD5CCC724}.Release|Any CPU.Build.0 = Release|Any CPU
		{173A9ED0-6C6F-4412-893E-B8BBD5CCC724}.Release|x64.ActiveCfg = Release|Any CPU
		{173A9ED0-6C6F-4412-893E-B8BBD5CCC724}.Release|x64.Build.0 = Release|Any CPU
		{173A9ED0-6C6F-4412-893E-B8BBD5CCC724}.Release|x86.ActiveCfg = Release|Any CPU
		{173A9ED0-6C6F-4412-893E-B8BBD5CCC724}.Release|x86.Build.0 = Release|Any CPU
		{4F19AC41-0459-4C8F-BA85-D96DA48DA776}.Debug|Any CPU.ActiveCfg = Debug|Any CPU
		{4F19AC41-0459-4C8F-BA85-D96DA48DA776}.Debug|Any CPU.Build.0 = Debug|Any CPU
		{4F19AC41-0459-4C8F-BA85-D96DA48DA776}.Debug|x64.ActiveCfg = Debug|Any CPU
		{4F19AC41-0459-4C8F-BA85-D96DA48DA776}.Debug|x64.Build.0 = Debug|Any CPU
		{4F19AC41-0459-4C8F-BA85-D96DA48DA776}.Debug|x86.ActiveCfg = Debug|Any CPU
		{4F19AC41-0459-4C8F-BA85-D96DA48DA776}.Debug|x86.Build.0 = Debug|Any CPU
		{4F19AC41-0459-4C8F-BA85-D96DA48DA776}.Release|Any CPU.ActiveCfg = Release|Any CPU
		{4F19AC41-0459-4C8F-BA85-D96DA48DA776}.Release|Any CPU.Build.0 = Release|Any CPU
		{4F19AC41-0459-4C8F-BA85-D96DA48DA776}.Release|x64.ActiveCfg = Release|Any CPU
		{4F19AC41-0459-4C8F-BA85-D96DA48DA776}.Release|x64.Build.0 = Release|Any CPU
		{4F19AC41-0459-4C8F-BA85-D96DA48DA776}.Release|x86.ActiveCfg = Release|Any CPU
		{4F19AC41-0459-4C8F-BA85-D96DA48DA776}.Release|x86.Build.0 = Release|Any CPU
		{241B897A-EC5A-4C00-A932-AE10744F2958}.Debug|Any CPU.ActiveCfg = Debug|Any CPU
		{241B897A-EC5A-4C00-A932-AE10744F2958}.Debug|Any CPU.Build.0 = Debug|Any CPU
		{241B897A-EC5A-4C00-A932-AE10744F2958}.Debug|x64.ActiveCfg = Debug|Any CPU
		{241B897A-EC5A-4C00-A932-AE10744F2958}.Debug|x64.Build.0 = Debug|Any CPU
		{241B897A-EC5A-4C00-A932-AE10744F2958}.Debug|x86.ActiveCfg = Debug|Any CPU
		{241B897A-EC5A-4C00-A932-AE10744F2958}.Debug|x86.Build.0 = Debug|Any CPU
		{241B897A-EC5A-4C00-A932-AE10744F2958}.Release|Any CPU.ActiveCfg = Release|Any CPU
		{241B897A-EC5A-4C00-A932-AE10744F2958}.Release|Any CPU.Build.0 = Release|Any CPU
		{241B897A-EC5A-4C00-A932-AE10744F2958}.Release|x64.ActiveCfg = Release|Any CPU
		{241B897A-EC5A-4C00-A932-AE10744F2958}.Release|x64.Build.0 = Release|Any CPU
		{241B897A-EC5A-4C00-A932-AE10744F2958}.Release|x86.ActiveCfg = Release|Any CPU
		{241B897A-EC5A-4C00-A932-AE10744F2958}.Release|x86.Build.0 = Release|Any CPU
		{19A1071F-119F-49F9-99A6-303C256D359C}.Debug|Any CPU.ActiveCfg = Debug|Any CPU
		{19A1071F-119F-49F9-99A6-303C256D359C}.Debug|Any CPU.Build.0 = Debug|Any CPU
		{19A1071F-119F-49F9-99A6-303C256D359C}.Debug|x64.ActiveCfg = Debug|Any CPU
		{19A1071F-119F-49F9-99A6-303C256D359C}.Debug|x64.Build.0 = Debug|Any CPU
		{19A1071F-119F-49F9-99A6-303C256D359C}.Debug|x86.ActiveCfg = Debug|Any CPU
		{19A1071F-119F-49F9-99A6-303C256D359C}.Debug|x86.Build.0 = Debug|Any CPU
		{19A1071F-119F-49F9-99A6-303C256D359C}.Release|Any CPU.ActiveCfg = Release|Any CPU
		{19A1071F-119F-49F9-99A6-303C256D359C}.Release|Any CPU.Build.0 = Release|Any CPU
		{19A1071F-119F-49F9-99A6-303C256D359C}.Release|x64.ActiveCfg = Release|Any CPU
		{19A1071F-119F-49F9-99A6-303C256D359C}.Release|x64.Build.0 = Release|Any CPU
		{19A1071F-119F-49F9-99A6-303C256D359C}.Release|x86.ActiveCfg = Release|Any CPU
		{19A1071F-119F-49F9-99A6-303C256D359C}.Release|x86.Build.0 = Release|Any CPU
		{750879B3-F678-41C9-A501-E45E0C681F84}.Debug|Any CPU.ActiveCfg = Debug|Any CPU
		{750879B3-F678-41C9-A501-E45E0C681F84}.Debug|Any CPU.Build.0 = Debug|Any CPU
		{750879B3-F678-41C9-A501-E45E0C681F84}.Debug|x64.ActiveCfg = Debug|Any CPU
		{750879B3-F678-41C9-A501-E45E0C681F84}.Debug|x64.Build.0 = Debug|Any CPU
		{750879B3-F678-41C9-A501-E45E0C681F84}.Debug|x86.ActiveCfg = Debug|Any CPU
		{750879B3-F678-41C9-A501-E45E0C681F84}.Debug|x86.Build.0 = Debug|Any CPU
		{750879B3-F678-41C9-A501-E45E0C681F84}.Release|Any CPU.ActiveCfg = Release|Any CPU
		{750879B3-F678-41C9-A501-E45E0C681F84}.Release|Any CPU.Build.0 = Release|Any CPU
		{750879B3-F678-41C9-A501-E45E0C681F84}.Release|x64.ActiveCfg = Release|Any CPU
		{750879B3-F678-41C9-A501-E45E0C681F84}.Release|x64.Build.0 = Release|Any CPU
		{750879B3-F678-41C9-A501-E45E0C681F84}.Release|x86.ActiveCfg = Release|Any CPU
		{750879B3-F678-41C9-A501-E45E0C681F84}.Release|x86.Build.0 = Release|Any CPU
		{26CC103D-7C71-4BAC-98B9-61072BDD75FF}.Debug|Any CPU.ActiveCfg = Debug|Any CPU
		{26CC103D-7C71-4BAC-98B9-61072BDD75FF}.Debug|Any CPU.Build.0 = Debug|Any CPU
		{26CC103D-7C71-4BAC-98B9-61072BDD75FF}.Debug|x64.ActiveCfg = Debug|Any CPU
		{26CC103D-7C71-4BAC-98B9-61072BDD75FF}.Debug|x64.Build.0 = Debug|Any CPU
		{26CC103D-7C71-4BAC-98B9-61072BDD75FF}.Debug|x86.ActiveCfg = Debug|Any CPU
		{26CC103D-7C71-4BAC-98B9-61072BDD75FF}.Debug|x86.Build.0 = Debug|Any CPU
		{26CC103D-7C71-4BAC-98B9-61072BDD75FF}.Release|Any CPU.ActiveCfg = Release|Any CPU
		{26CC103D-7C71-4BAC-98B9-61072BDD75FF}.Release|Any CPU.Build.0 = Release|Any CPU
		{26CC103D-7C71-4BAC-98B9-61072BDD75FF}.Release|x64.ActiveCfg = Release|Any CPU
		{26CC103D-7C71-4BAC-98B9-61072BDD75FF}.Release|x64.Build.0 = Release|Any CPU
		{26CC103D-7C71-4BAC-98B9-61072BDD75FF}.Release|x86.ActiveCfg = Release|Any CPU
		{26CC103D-7C71-4BAC-98B9-61072BDD75FF}.Release|x86.Build.0 = Release|Any CPU
		{A07E758C-5D6B-4A82-9812-B4BED9B2A95C}.Debug|Any CPU.ActiveCfg = Debug|Any CPU
		{A07E758C-5D6B-4A82-9812-B4BED9B2A95C}.Debug|Any CPU.Build.0 = Debug|Any CPU
		{A07E758C-5D6B-4A82-9812-B4BED9B2A95C}.Debug|x64.ActiveCfg = Debug|Any CPU
		{A07E758C-5D6B-4A82-9812-B4BED9B2A95C}.Debug|x64.Build.0 = Debug|Any CPU
		{A07E758C-5D6B-4A82-9812-B4BED9B2A95C}.Debug|x86.ActiveCfg = Debug|Any CPU
		{A07E758C-5D6B-4A82-9812-B4BED9B2A95C}.Debug|x86.Build.0 = Debug|Any CPU
		{A07E758C-5D6B-4A82-9812-B4BED9B2A95C}.Release|Any CPU.ActiveCfg = Release|Any CPU
		{A07E758C-5D6B-4A82-9812-B4BED9B2A95C}.Release|Any CPU.Build.0 = Release|Any CPU
		{A07E758C-5D6B-4A82-9812-B4BED9B2A95C}.Release|x64.ActiveCfg = Release|Any CPU
		{A07E758C-5D6B-4A82-9812-B4BED9B2A95C}.Release|x64.Build.0 = Release|Any CPU
		{A07E758C-5D6B-4A82-9812-B4BED9B2A95C}.Release|x86.ActiveCfg = Release|Any CPU
		{A07E758C-5D6B-4A82-9812-B4BED9B2A95C}.Release|x86.Build.0 = Release|Any CPU
		{1EF82DF5-2F68-48B4-BA6E-77C57E21E854}.Debug|Any CPU.ActiveCfg = Debug|Any CPU
		{1EF82DF5-2F68-48B4-BA6E-77C57E21E854}.Debug|Any CPU.Build.0 = Debug|Any CPU
		{1EF82DF5-2F68-48B4-BA6E-77C57E21E854}.Debug|x64.ActiveCfg = Debug|Any CPU
		{1EF82DF5-2F68-48B4-BA6E-77C57E21E854}.Debug|x64.Build.0 = Debug|Any CPU
		{1EF82DF5-2F68-48B4-BA6E-77C57E21E854}.Debug|x86.ActiveCfg = Debug|Any CPU
		{1EF82DF5-2F68-48B4-BA6E-77C57E21E854}.Debug|x86.Build.0 = Debug|Any CPU
		{1EF82DF5-2F68-48B4-BA6E-77C57E21E854}.Release|Any CPU.ActiveCfg = Release|Any CPU
		{1EF82DF5-2F68-48B4-BA6E-77C57E21E854}.Release|Any CPU.Build.0 = Release|Any CPU
		{1EF82DF5-2F68-48B4-BA6E-77C57E21E854}.Release|x64.ActiveCfg = Release|Any CPU
		{1EF82DF5-2F68-48B4-BA6E-77C57E21E854}.Release|x64.Build.0 = Release|Any CPU
		{1EF82DF5-2F68-48B4-BA6E-77C57E21E854}.Release|x86.ActiveCfg = Release|Any CPU
		{1EF82DF5-2F68-48B4-BA6E-77C57E21E854}.Release|x86.Build.0 = Release|Any CPU
		{3BEFDE03-42CA-4EE2-B174-C8FAC9E9A0D9}.Debug|Any CPU.ActiveCfg = Debug|Any CPU
		{3BEFDE03-42CA-4EE2-B174-C8FAC9E9A0D9}.Debug|Any CPU.Build.0 = Debug|Any CPU
		{3BEFDE03-42CA-4EE2-B174-C8FAC9E9A0D9}.Debug|x64.ActiveCfg = Debug|Any CPU
		{3BEFDE03-42CA-4EE2-B174-C8FAC9E9A0D9}.Debug|x64.Build.0 = Debug|Any CPU
		{3BEFDE03-42CA-4EE2-B174-C8FAC9E9A0D9}.Debug|x86.ActiveCfg = Debug|Any CPU
		{3BEFDE03-42CA-4EE2-B174-C8FAC9E9A0D9}.Debug|x86.Build.0 = Debug|Any CPU
		{3BEFDE03-42CA-4EE2-B174-C8FAC9E9A0D9}.Release|Any CPU.ActiveCfg = Release|Any CPU
		{3BEFDE03-42CA-4EE2-B174-C8FAC9E9A0D9}.Release|Any CPU.Build.0 = Release|Any CPU
		{3BEFDE03-42CA-4EE2-B174-C8FAC9E9A0D9}.Release|x64.ActiveCfg = Release|Any CPU
		{3BEFDE03-42CA-4EE2-B174-C8FAC9E9A0D9}.Release|x64.Build.0 = Release|Any CPU
		{3BEFDE03-42CA-4EE2-B174-C8FAC9E9A0D9}.Release|x86.ActiveCfg = Release|Any CPU
		{3BEFDE03-42CA-4EE2-B174-C8FAC9E9A0D9}.Release|x86.Build.0 = Release|Any CPU
	EndGlobalSection
	GlobalSection(SolutionProperties) = preSolution
		HideSolutionNode = FALSE
	EndGlobalSection
	GlobalSection(NestedProjects) = preSolution
		{51A8831A-4218-40AC-82CC-DB8B8CDB2681} = {E0F13C2D-0D73-4194-A5F2-39D41DB8D41B}
		{9B2C0CD3-E7D5-4F52-8A25-485431A5B3FC} = {E0F13C2D-0D73-4194-A5F2-39D41DB8D41B}
		{C87F0E4F-5F7D-4FC0-8E4D-10E6BF0203EC} = {E0F13C2D-0D73-4194-A5F2-39D41DB8D41B}
		{22A0622D-998E-456A-8221-483F2845546C} = {E0F13C2D-0D73-4194-A5F2-39D41DB8D41B}
		{13BE4EAA-A10C-4607-8C91-355008555375} = {E0F13C2D-0D73-4194-A5F2-39D41DB8D41B}
		{B376D154-64A9-4910-8426-CC10E2C3C0CA} = {E0F13C2D-0D73-4194-A5F2-39D41DB8D41B}
		{AF597272-277F-4DC6-8794-C8B761FFD1EE} = {E0F13C2D-0D73-4194-A5F2-39D41DB8D41B}
		{922673EB-E0DD-4BB0-9E4C-C864E872131C} = {E0F13C2D-0D73-4194-A5F2-39D41DB8D41B}
		{6A1DCDF4-6F0D-4930-9576-EA4545E5AECE} = {E0F13C2D-0D73-4194-A5F2-39D41DB8D41B}
		{86E3F92A-7FDE-4977-8CA5-2B5EA0FBA899} = {E0F13C2D-0D73-4194-A5F2-39D41DB8D41B}
		{9C8C56AB-A69D-4216-B2BB-AD07E230CEA1} = {E0F13C2D-0D73-4194-A5F2-39D41DB8D41B}
		{2DF7F2C0-724D-4B5D-B9DC-772CC827D4DC} = {E0F13C2D-0D73-4194-A5F2-39D41DB8D41B}
		{89CDAD5F-A83C-436B-B515-5B22A3577DB6} = {E0F13C2D-0D73-4194-A5F2-39D41DB8D41B}
		{87072C55-B00D-4BA0-A07B-0E0DB57C1F72} = {26820A46-4C0B-4DE8-924E-E46A6828DACA}
		{FCF73EAF-E97C-4C10-A7FD-F11DA4EEFB56} = {26820A46-4C0B-4DE8-924E-E46A6828DACA}
		{B48B9153-0399-4C9B-9AE8-D63F75EB910E} = {26820A46-4C0B-4DE8-924E-E46A6828DACA}
		{C0044661-A542-4A6A-B5AB-CED64491DE4F} = {26820A46-4C0B-4DE8-924E-E46A6828DACA}
		{11CA2A6F-A5A9-4EA5-A788-9E2DD6B8F092} = {26820A46-4C0B-4DE8-924E-E46A6828DACA}
		{4A5E62E9-D2D7-4FC5-93DE-1F2C19D9B247} = {26820A46-4C0B-4DE8-924E-E46A6828DACA}
		{3C184FD6-7E04-473C-A83F-CC857BDC38FC} = {26820A46-4C0B-4DE8-924E-E46A6828DACA}
		{7B7FDA66-5EF4-4F0C-AAFB-3D72D9885170} = {26820A46-4C0B-4DE8-924E-E46A6828DACA}
		{880C7A91-C360-47B1-8D56-6B4ED42F1963} = {9DC76DB3-4150-4B5F-8D44-1A4FD15671EE}
		{F6E23824-AAD1-4CCE-8B23-EB8C1769B205} = {9DC76DB3-4150-4B5F-8D44-1A4FD15671EE}
		{86CA91DD-ACCE-43B7-A448-87FE0C476AC8} = {9DC76DB3-4150-4B5F-8D44-1A4FD15671EE}
		{7E7D2036-0E80-4268-B43D-211470312B6A} = {9DC76DB3-4150-4B5F-8D44-1A4FD15671EE}
		{173A9ED0-6C6F-4412-893E-B8BBD5CCC724} = {5B653D85-AF75-49CE-A7C5-DEBFB080B92F}
		{4F19AC41-0459-4C8F-BA85-D96DA48DA776} = {5B653D85-AF75-49CE-A7C5-DEBFB080B92F}
		{241B897A-EC5A-4C00-A932-AE10744F2958} = {5B653D85-AF75-49CE-A7C5-DEBFB080B92F}
		{19A1071F-119F-49F9-99A6-303C256D359C} = {5B653D85-AF75-49CE-A7C5-DEBFB080B92F}
		{750879B3-F678-41C9-A501-E45E0C681F84} = {5B653D85-AF75-49CE-A7C5-DEBFB080B92F}
		{26CC103D-7C71-4BAC-98B9-61072BDD75FF} = {5B653D85-AF75-49CE-A7C5-DEBFB080B92F}
		{A07E758C-5D6B-4A82-9812-B4BED9B2A95C} = {5B653D85-AF75-49CE-A7C5-DEBFB080B92F}
		{1EF82DF5-2F68-48B4-BA6E-77C57E21E854} = {5B653D85-AF75-49CE-A7C5-DEBFB080B92F}
		{3BEFDE03-42CA-4EE2-B174-C8FAC9E9A0D9} = {C2EAE051-2C2F-4F3F-8014-EDA7E972BC4D}
	EndGlobalSection
	GlobalSection(ExtensibilityGlobals) = postSolution
		SolutionGuid = {05820F21-11B9-4319-A543-2D5A04BF994E}
	EndGlobalSection
EndGlobal
